// !$*UTF8*$!
{
	archiveVersion = 1;
	classes = {
	};
	objectVersion = 50;
	objects = {

/* Begin PBXBuildFile section */
		80161D30238846D80087F645 /* PerfilView.swift in Sources */ = {isa = PBXBuildFile; fileRef = 80161D2F238846D80087F645 /* PerfilView.swift */; };
		80161D3223884A0C0087F645 /* ActividadesView.swift in Sources */ = {isa = PBXBuildFile; fileRef = 80161D3123884A0C0087F645 /* ActividadesView.swift */; };
		80161D3423884A220087F645 /* iOSLabView.swift in Sources */ = {isa = PBXBuildFile; fileRef = 80161D3323884A220087F645 /* iOSLabView.swift */; };
		80C9429623873768002861CD /* SingUpView.swift in Sources */ = {isa = PBXBuildFile; fileRef = 80C9429523873768002861CD /* SingUpView.swift */; };
		80C942982387419D002861CD /* InicioDeSesionView.swift in Sources */ = {isa = PBXBuildFile; fileRef = 80C942972387419D002861CD /* InicioDeSesionView.swift */; };
		C626267023885947007CC6D7 /* QRCode.storyboard in Resources */ = {isa = PBXBuildFile; fileRef = C626266F23885947007CC6D7 /* QRCode.storyboard */; };
		C626267A23885E5F007CC6D7 /* QRCodeViewController.swift in Sources */ = {isa = PBXBuildFile; fileRef = C626267923885E5F007CC6D7 /* QRCodeViewController.swift */; };
		C65A7CC223871BBA00662601 /* Main.storyboard in Resources */ = {isa = PBXBuildFile; fileRef = C65A7CC123871BBA00662601 /* Main.storyboard */; };
		C665D09D238714CF00B05694 /* AppDelegate.swift in Sources */ = {isa = PBXBuildFile; fileRef = C665D09C238714CF00B05694 /* AppDelegate.swift */; };
		C665D09F238714CF00B05694 /* SceneDelegate.swift in Sources */ = {isa = PBXBuildFile; fileRef = C665D09E238714CF00B05694 /* SceneDelegate.swift */; };
		C665D0A6238714D000B05694 /* Assets.xcassets in Resources */ = {isa = PBXBuildFile; fileRef = C665D0A5238714D000B05694 /* Assets.xcassets */; };
		C665D0A9238714D000B05694 /* LaunchScreen.storyboard in Resources */ = {isa = PBXBuildFile; fileRef = C665D0A7238714D000B05694 /* LaunchScreen.storyboard */; };
		C665D0B4238714D000B05694 /* iSwiftTests.swift in Sources */ = {isa = PBXBuildFile; fileRef = C665D0B3238714D000B05694 /* iSwiftTests.swift */; };
		C665D0BF238714D100B05694 /* iSwiftUITests.swift in Sources */ = {isa = PBXBuildFile; fileRef = C665D0BE238714D100B05694 /* iSwiftUITests.swift */; };
		C6C5E50C2388618E00EC28B6 /* QRCodeScannerController.swift in Sources */ = {isa = PBXBuildFile; fileRef = C6C5E50B2388618E00EC28B6 /* QRCodeScannerController.swift */; };
		C6C5E50E238861CE00EC28B6 /* QRCodeScannerViewController.swift in Sources */ = {isa = PBXBuildFile; fileRef = C6C5E50D238861CE00EC28B6 /* QRCodeScannerViewController.swift */; };
		C6C5E5102388661200EC28B6 /* activities.storyboard in Resources */ = {isa = PBXBuildFile; fileRef = C6C5E50F2388661200EC28B6 /* activities.storyboard */; };
/* End PBXBuildFile section */

/* Begin PBXContainerItemProxy section */
		C665D0B0238714D000B05694 /* PBXContainerItemProxy */ = {
			isa = PBXContainerItemProxy;
			containerPortal = C665D091238714CF00B05694 /* Project object */;
			proxyType = 1;
			remoteGlobalIDString = C665D098238714CF00B05694;
			remoteInfo = iSwift;
		};
		C665D0BB238714D000B05694 /* PBXContainerItemProxy */ = {
			isa = PBXContainerItemProxy;
			containerPortal = C665D091238714CF00B05694 /* Project object */;
			proxyType = 1;
			remoteGlobalIDString = C665D098238714CF00B05694;
			remoteInfo = iSwift;
		};
/* End PBXContainerItemProxy section */

/* Begin PBXFileReference section */
		80161D2F238846D80087F645 /* PerfilView.swift */ = {isa = PBXFileReference; lastKnownFileType = sourcecode.swift; path = PerfilView.swift; sourceTree = "<group>"; };
		80161D3123884A0C0087F645 /* ActividadesView.swift */ = {isa = PBXFileReference; lastKnownFileType = sourcecode.swift; path = ActividadesView.swift; sourceTree = "<group>"; };
		80161D3323884A220087F645 /* iOSLabView.swift */ = {isa = PBXFileReference; lastKnownFileType = sourcecode.swift; path = iOSLabView.swift; sourceTree = "<group>"; };
		80C9429523873768002861CD /* SingUpView.swift */ = {isa = PBXFileReference; lastKnownFileType = sourcecode.swift; path = SingUpView.swift; sourceTree = "<group>"; };
		80C942972387419D002861CD /* InicioDeSesionView.swift */ = {isa = PBXFileReference; lastKnownFileType = sourcecode.swift; path = InicioDeSesionView.swift; sourceTree = "<group>"; };
		C626266F23885947007CC6D7 /* QRCode.storyboard */ = {isa = PBXFileReference; fileEncoding = 4; lastKnownFileType = file.storyboard; path = QRCode.storyboard; sourceTree = "<group>"; };
		C626267923885E5F007CC6D7 /* QRCodeViewController.swift */ = {isa = PBXFileReference; lastKnownFileType = sourcecode.swift; path = QRCodeViewController.swift; sourceTree = "<group>"; };
		C65A7CC123871BBA00662601 /* Main.storyboard */ = {isa = PBXFileReference; fileEncoding = 4; lastKnownFileType = file.storyboard; path = Main.storyboard; sourceTree = "<group>"; };
		C665D099238714CF00B05694 /* iSwift.app */ = {isa = PBXFileReference; explicitFileType = wrapper.application; includeInIndex = 0; path = iSwift.app; sourceTree = BUILT_PRODUCTS_DIR; };
		C665D09C238714CF00B05694 /* AppDelegate.swift */ = {isa = PBXFileReference; lastKnownFileType = sourcecode.swift; path = AppDelegate.swift; sourceTree = "<group>"; };
		C665D09E238714CF00B05694 /* SceneDelegate.swift */ = {isa = PBXFileReference; lastKnownFileType = sourcecode.swift; path = SceneDelegate.swift; sourceTree = "<group>"; };
		C665D0A5238714D000B05694 /* Assets.xcassets */ = {isa = PBXFileReference; lastKnownFileType = folder.assetcatalog; path = Assets.xcassets; sourceTree = "<group>"; };
		C665D0A8238714D000B05694 /* Base */ = {isa = PBXFileReference; lastKnownFileType = file.storyboard; name = Base; path = Base.lproj/LaunchScreen.storyboard; sourceTree = "<group>"; };
		C665D0AA238714D000B05694 /* Info.plist */ = {isa = PBXFileReference; lastKnownFileType = text.plist.xml; path = Info.plist; sourceTree = "<group>"; };
		C665D0AF238714D000B05694 /* iSwiftTests.xctest */ = {isa = PBXFileReference; explicitFileType = wrapper.cfbundle; includeInIndex = 0; path = iSwiftTests.xctest; sourceTree = BUILT_PRODUCTS_DIR; };
		C665D0B3238714D000B05694 /* iSwiftTests.swift */ = {isa = PBXFileReference; lastKnownFileType = sourcecode.swift; path = iSwiftTests.swift; sourceTree = "<group>"; };
		C665D0B5238714D000B05694 /* Info.plist */ = {isa = PBXFileReference; lastKnownFileType = text.plist.xml; path = Info.plist; sourceTree = "<group>"; };
		C665D0BA238714D000B05694 /* iSwiftUITests.xctest */ = {isa = PBXFileReference; explicitFileType = wrapper.cfbundle; includeInIndex = 0; path = iSwiftUITests.xctest; sourceTree = BUILT_PRODUCTS_DIR; };
		C665D0BE238714D100B05694 /* iSwiftUITests.swift */ = {isa = PBXFileReference; lastKnownFileType = sourcecode.swift; path = iSwiftUITests.swift; sourceTree = "<group>"; };
		C665D0C0238714D100B05694 /* Info.plist */ = {isa = PBXFileReference; lastKnownFileType = text.plist.xml; path = Info.plist; sourceTree = "<group>"; };
		C6C5E50B2388618E00EC28B6 /* QRCodeScannerController.swift */ = {isa = PBXFileReference; lastKnownFileType = sourcecode.swift; path = QRCodeScannerController.swift; sourceTree = "<group>"; };
		C6C5E50D238861CE00EC28B6 /* QRCodeScannerViewController.swift */ = {isa = PBXFileReference; lastKnownFileType = sourcecode.swift; path = QRCodeScannerViewController.swift; sourceTree = "<group>"; };
		C6C5E50F2388661200EC28B6 /* activities.storyboard */ = {isa = PBXFileReference; fileEncoding = 4; lastKnownFileType = file.storyboard; path = activities.storyboard; sourceTree = "<group>"; };
/* End PBXFileReference section */

/* Begin PBXFrameworksBuildPhase section */
		C665D096238714CF00B05694 /* Frameworks */ = {
			isa = PBXFrameworksBuildPhase;
			buildActionMask = 2147483647;
			files = (
			);
			runOnlyForDeploymentPostprocessing = 0;
		};
		C665D0AC238714D000B05694 /* Frameworks */ = {
			isa = PBXFrameworksBuildPhase;
			buildActionMask = 2147483647;
			files = (
			);
			runOnlyForDeploymentPostprocessing = 0;
		};
		C665D0B7238714D000B05694 /* Frameworks */ = {
			isa = PBXFrameworksBuildPhase;
			buildActionMask = 2147483647;
			files = (
			);
			runOnlyForDeploymentPostprocessing = 0;
		};
/* End PBXFrameworksBuildPhase section */

/* Begin PBXGroup section */
		C626266E23885937007CC6D7 /* QRCode */ = {
			isa = PBXGroup;
			children = (
				C626266F23885947007CC6D7 /* QRCode.storyboard */,
				C626267923885E5F007CC6D7 /* QRCodeViewController.swift */,
				C6C5E50B2388618E00EC28B6 /* QRCodeScannerController.swift */,
				C6C5E50D238861CE00EC28B6 /* QRCodeScannerViewController.swift */,
			);
			path = QRCode;
			sourceTree = "<group>";
		};
		C65A7CCD23871C9F00662601 /* Base */ = {
			isa = PBXGroup;
			children = (
				C65A7CC123871BBA00662601 /* Main.storyboard */,
				80161D3123884A0C0087F645 /* ActividadesView.swift */,
				80161D3323884A220087F645 /* iOSLabView.swift */,
				80161D2F238846D80087F645 /* PerfilView.swift */,
				80C942972387419D002861CD /* InicioDeSesionView.swift */,
				80C9429523873768002861CD /* SingUpView.swift */,
			);
			path = Base;
			sourceTree = "<group>";
		};
		C665D090238714CF00B05694 = {
			isa = PBXGroup;
			children = (
				C665D09B238714CF00B05694 /* iSwift */,
				C665D0B2238714D000B05694 /* iSwiftTests */,
				C665D0BD238714D100B05694 /* iSwiftUITests */,
			);
			sourceTree = "<group>";
		};
		C665D09A238714CF00B05694 /* Products */ = {
			isa = PBXGroup;
			children = (
				C665D099238714CF00B05694 /* iSwift.app */,
				C665D0AF238714D000B05694 /* iSwiftTests.xctest */,
				C665D0BA238714D000B05694 /* iSwiftUITests.xctest */,
			);
			name = Products;
			path = ..;
			sourceTree = "<group>";
		};
		C665D09B238714CF00B05694 /* iSwift */ = {
			isa = PBXGroup;
			children = (
				C6C5E5112388661900EC28B6 /* activities */,
				C626266E23885937007CC6D7 /* QRCode */,
				C65A7CCD23871C9F00662601 /* Base */,
				C665D09C238714CF00B05694 /* AppDelegate.swift */,
				C665D09E238714CF00B05694 /* SceneDelegate.swift */,
				C665D0A5238714D000B05694 /* Assets.xcassets */,
				C665D0A7238714D000B05694 /* LaunchScreen.storyboard */,
				C665D09A238714CF00B05694 /* Products */,
				C665D0AA238714D000B05694 /* Info.plist */,
			);
			path = iSwift;
			sourceTree = "<group>";
		};
		C665D0B2238714D000B05694 /* iSwiftTests */ = {
			isa = PBXGroup;
			children = (
				C665D0B3238714D000B05694 /* iSwiftTests.swift */,
				C665D0B5238714D000B05694 /* Info.plist */,
			);
			path = iSwiftTests;
			sourceTree = "<group>";
		};
		C665D0BD238714D100B05694 /* iSwiftUITests */ = {
			isa = PBXGroup;
			children = (
				C665D0BE238714D100B05694 /* iSwiftUITests.swift */,
				C665D0C0238714D100B05694 /* Info.plist */,
			);
			path = iSwiftUITests;
			sourceTree = "<group>";
		};
		C6C5E5112388661900EC28B6 /* activities */ = {
			isa = PBXGroup;
			children = (
				C6C5E50F2388661200EC28B6 /* activities.storyboard */,
			);
			path = activities;
			sourceTree = "<group>";
		};
/* End PBXGroup section */

/* Begin PBXNativeTarget section */
		C665D098238714CF00B05694 /* iSwift */ = {
			isa = PBXNativeTarget;
			buildConfigurationList = C665D0C3238714D100B05694 /* Build configuration list for PBXNativeTarget "iSwift" */;
			buildPhases = (
				C665D095238714CF00B05694 /* Sources */,
				C665D096238714CF00B05694 /* Frameworks */,
				C665D097238714CF00B05694 /* Resources */,
			);
			buildRules = (
			);
			dependencies = (
			);
			name = iSwift;
			productName = iSwift;
			productReference = C665D099238714CF00B05694 /* iSwift.app */;
			productType = "com.apple.product-type.application";
		};
		C665D0AE238714D000B05694 /* iSwiftTests */ = {
			isa = PBXNativeTarget;
			buildConfigurationList = C665D0C6238714D100B05694 /* Build configuration list for PBXNativeTarget "iSwiftTests" */;
			buildPhases = (
				C665D0AB238714D000B05694 /* Sources */,
				C665D0AC238714D000B05694 /* Frameworks */,
				C665D0AD238714D000B05694 /* Resources */,
			);
			buildRules = (
			);
			dependencies = (
				C665D0B1238714D000B05694 /* PBXTargetDependency */,
			);
			name = iSwiftTests;
			productName = iSwiftTests;
			productReference = C665D0AF238714D000B05694 /* iSwiftTests.xctest */;
			productType = "com.apple.product-type.bundle.unit-test";
		};
		C665D0B9238714D000B05694 /* iSwiftUITests */ = {
			isa = PBXNativeTarget;
			buildConfigurationList = C665D0C9238714D100B05694 /* Build configuration list for PBXNativeTarget "iSwiftUITests" */;
			buildPhases = (
				C665D0B6238714D000B05694 /* Sources */,
				C665D0B7238714D000B05694 /* Frameworks */,
				C665D0B8238714D000B05694 /* Resources */,
			);
			buildRules = (
			);
			dependencies = (
				C665D0BC238714D000B05694 /* PBXTargetDependency */,
			);
			name = iSwiftUITests;
			productName = iSwiftUITests;
			productReference = C665D0BA238714D000B05694 /* iSwiftUITests.xctest */;
			productType = "com.apple.product-type.bundle.ui-testing";
		};
/* End PBXNativeTarget section */

/* Begin PBXProject section */
		C665D091238714CF00B05694 /* Project object */ = {
			isa = PBXProject;
			attributes = {
				LastSwiftUpdateCheck = 1120;
				LastUpgradeCheck = 1120;
				ORGANIZATIONNAME = "Manuel Alejandro Aguilar Tellez Giron";
				TargetAttributes = {
					C665D098238714CF00B05694 = {
						CreatedOnToolsVersion = 11.2;
					};
					C665D0AE238714D000B05694 = {
						CreatedOnToolsVersion = 11.2;
						TestTargetID = C665D098238714CF00B05694;
					};
					C665D0B9238714D000B05694 = {
						CreatedOnToolsVersion = 11.2;
						TestTargetID = C665D098238714CF00B05694;
					};
				};
			};
			buildConfigurationList = C665D094238714CF00B05694 /* Build configuration list for PBXProject "iSwift" */;
			compatibilityVersion = "Xcode 9.3";
			developmentRegion = en;
			hasScannedForEncodings = 0;
			knownRegions = (
				en,
				Base,
			);
			mainGroup = C665D090238714CF00B05694;
			productRefGroup = C665D09A238714CF00B05694 /* Products */;
			projectDirPath = "";
			projectRoot = "";
			targets = (
				C665D098238714CF00B05694 /* iSwift */,
				C665D0AE238714D000B05694 /* iSwiftTests */,
				C665D0B9238714D000B05694 /* iSwiftUITests */,
			);
		};
/* End PBXProject section */

/* Begin PBXResourcesBuildPhase section */
		C665D097238714CF00B05694 /* Resources */ = {
			isa = PBXResourcesBuildPhase;
			buildActionMask = 2147483647;
			files = (
				C665D0A9238714D000B05694 /* LaunchScreen.storyboard in Resources */,
				C665D0A6238714D000B05694 /* Assets.xcassets in Resources */,
				C626267023885947007CC6D7 /* QRCode.storyboard in Resources */,
				C6C5E5102388661200EC28B6 /* activities.storyboard in Resources */,
				C65A7CC223871BBA00662601 /* Main.storyboard in Resources */,
			);
			runOnlyForDeploymentPostprocessing = 0;
		};
		C665D0AD238714D000B05694 /* Resources */ = {
			isa = PBXResourcesBuildPhase;
			buildActionMask = 2147483647;
			files = (
			);
			runOnlyForDeploymentPostprocessing = 0;
		};
		C665D0B8238714D000B05694 /* Resources */ = {
			isa = PBXResourcesBuildPhase;
			buildActionMask = 2147483647;
			files = (
			);
			runOnlyForDeploymentPostprocessing = 0;
		};
/* End PBXResourcesBuildPhase section */

/* Begin PBXSourcesBuildPhase section */
		C665D095238714CF00B05694 /* Sources */ = {
			isa = PBXSourcesBuildPhase;
			buildActionMask = 2147483647;
			files = (
				80C9429623873768002861CD /* SingUpView.swift in Sources */,
				C665D09D238714CF00B05694 /* AppDelegate.swift in Sources */,
				C626267A23885E5F007CC6D7 /* QRCodeViewController.swift in Sources */,
				C6C5E50C2388618E00EC28B6 /* QRCodeScannerController.swift in Sources */,
				80161D3223884A0C0087F645 /* ActividadesView.swift in Sources */,
				80161D30238846D80087F645 /* PerfilView.swift in Sources */,
				80161D3423884A220087F645 /* iOSLabView.swift in Sources */,
				C6C5E50E238861CE00EC28B6 /* QRCodeScannerViewController.swift in Sources */,
				C665D09F238714CF00B05694 /* SceneDelegate.swift in Sources */,
				80C942982387419D002861CD /* InicioDeSesionView.swift in Sources */,
			);
			runOnlyForDeploymentPostprocessing = 0;
		};
		C665D0AB238714D000B05694 /* Sources */ = {
			isa = PBXSourcesBuildPhase;
			buildActionMask = 2147483647;
			files = (
				C665D0B4238714D000B05694 /* iSwiftTests.swift in Sources */,
			);
			runOnlyForDeploymentPostprocessing = 0;
		};
		C665D0B6238714D000B05694 /* Sources */ = {
			isa = PBXSourcesBuildPhase;
			buildActionMask = 2147483647;
			files = (
				C665D0BF238714D100B05694 /* iSwiftUITests.swift in Sources */,
			);
			runOnlyForDeploymentPostprocessing = 0;
		};
/* End PBXSourcesBuildPhase section */

/* Begin PBXTargetDependency section */
		C665D0B1238714D000B05694 /* PBXTargetDependency */ = {
			isa = PBXTargetDependency;
			target = C665D098238714CF00B05694 /* iSwift */;
			targetProxy = C665D0B0238714D000B05694 /* PBXContainerItemProxy */;
		};
		C665D0BC238714D000B05694 /* PBXTargetDependency */ = {
			isa = PBXTargetDependency;
			target = C665D098238714CF00B05694 /* iSwift */;
			targetProxy = C665D0BB238714D000B05694 /* PBXContainerItemProxy */;
		};
/* End PBXTargetDependency section */

/* Begin PBXVariantGroup section */
		C665D0A7238714D000B05694 /* LaunchScreen.storyboard */ = {
			isa = PBXVariantGroup;
			children = (
				C665D0A8238714D000B05694 /* Base */,
			);
			name = LaunchScreen.storyboard;
			sourceTree = "<group>";
		};
/* End PBXVariantGroup section */

/* Begin XCBuildConfiguration section */
		C665D0C1238714D100B05694 /* Debug */ = {
			isa = XCBuildConfiguration;
			buildSettings = {
				ALWAYS_SEARCH_USER_PATHS = NO;
				CLANG_ANALYZER_NONNULL = YES;
				CLANG_ANALYZER_NUMBER_OBJECT_CONVERSION = YES_AGGRESSIVE;
				CLANG_CXX_LANGUAGE_STANDARD = "gnu++14";
				CLANG_CXX_LIBRARY = "libc++";
				CLANG_ENABLE_MODULES = YES;
				CLANG_ENABLE_OBJC_ARC = YES;
				CLANG_ENABLE_OBJC_WEAK = YES;
				CLANG_WARN_BLOCK_CAPTURE_AUTORELEASING = YES;
				CLANG_WARN_BOOL_CONVERSION = YES;
				CLANG_WARN_COMMA = YES;
				CLANG_WARN_CONSTANT_CONVERSION = YES;
				CLANG_WARN_DEPRECATED_OBJC_IMPLEMENTATIONS = YES;
				CLANG_WARN_DIRECT_OBJC_ISA_USAGE = YES_ERROR;
				CLANG_WARN_DOCUMENTATION_COMMENTS = YES;
				CLANG_WARN_EMPTY_BODY = YES;
				CLANG_WARN_ENUM_CONVERSION = YES;
				CLANG_WARN_INFINITE_RECURSION = YES;
				CLANG_WARN_INT_CONVERSION = YES;
				CLANG_WARN_NON_LITERAL_NULL_CONVERSION = YES;
				CLANG_WARN_OBJC_IMPLICIT_RETAIN_SELF = YES;
				CLANG_WARN_OBJC_LITERAL_CONVERSION = YES;
				CLANG_WARN_OBJC_ROOT_CLASS = YES_ERROR;
				CLANG_WARN_RANGE_LOOP_ANALYSIS = YES;
				CLANG_WARN_STRICT_PROTOTYPES = YES;
				CLANG_WARN_SUSPICIOUS_MOVE = YES;
				CLANG_WARN_UNGUARDED_AVAILABILITY = YES_AGGRESSIVE;
				CLANG_WARN_UNREACHABLE_CODE = YES;
				CLANG_WARN__DUPLICATE_METHOD_MATCH = YES;
				COPY_PHASE_STRIP = NO;
				DEBUG_INFORMATION_FORMAT = dwarf;
				ENABLE_STRICT_OBJC_MSGSEND = YES;
				ENABLE_TESTABILITY = YES;
				GCC_C_LANGUAGE_STANDARD = gnu11;
				GCC_DYNAMIC_NO_PIC = NO;
				GCC_NO_COMMON_BLOCKS = YES;
				GCC_OPTIMIZATION_LEVEL = 0;
				GCC_PREPROCESSOR_DEFINITIONS = (
					"DEBUG=1",
					"$(inherited)",
				);
				GCC_WARN_64_TO_32_BIT_CONVERSION = YES;
				GCC_WARN_ABOUT_RETURN_TYPE = YES_ERROR;
				GCC_WARN_UNDECLARED_SELECTOR = YES;
				GCC_WARN_UNINITIALIZED_AUTOS = YES_AGGRESSIVE;
				GCC_WARN_UNUSED_FUNCTION = YES;
				GCC_WARN_UNUSED_VARIABLE = YES;
				IPHONEOS_DEPLOYMENT_TARGET = 13.1;
				MTL_ENABLE_DEBUG_INFO = INCLUDE_SOURCE;
				MTL_FAST_MATH = YES;
				ONLY_ACTIVE_ARCH = YES;
				SDKROOT = iphoneos;
				SWIFT_ACTIVE_COMPILATION_CONDITIONS = DEBUG;
				SWIFT_OPTIMIZATION_LEVEL = "-Onone";
			};
			name = Debug;
		};
		C665D0C2238714D100B05694 /* Release */ = {
			isa = XCBuildConfiguration;
			buildSettings = {
				ALWAYS_SEARCH_USER_PATHS = NO;
				CLANG_ANALYZER_NONNULL = YES;
				CLANG_ANALYZER_NUMBER_OBJECT_CONVERSION = YES_AGGRESSIVE;
				CLANG_CXX_LANGUAGE_STANDARD = "gnu++14";
				CLANG_CXX_LIBRARY = "libc++";
				CLANG_ENABLE_MODULES = YES;
				CLANG_ENABLE_OBJC_ARC = YES;
				CLANG_ENABLE_OBJC_WEAK = YES;
				CLANG_WARN_BLOCK_CAPTURE_AUTORELEASING = YES;
				CLANG_WARN_BOOL_CONVERSION = YES;
				CLANG_WARN_COMMA = YES;
				CLANG_WARN_CONSTANT_CONVERSION = YES;
				CLANG_WARN_DEPRECATED_OBJC_IMPLEMENTATIONS = YES;
				CLANG_WARN_DIRECT_OBJC_ISA_USAGE = YES_ERROR;
				CLANG_WARN_DOCUMENTATION_COMMENTS = YES;
				CLANG_WARN_EMPTY_BODY = YES;
				CLANG_WARN_ENUM_CONVERSION = YES;
				CLANG_WARN_INFINITE_RECURSION = YES;
				CLANG_WARN_INT_CONVERSION = YES;
				CLANG_WARN_NON_LITERAL_NULL_CONVERSION = YES;
				CLANG_WARN_OBJC_IMPLICIT_RETAIN_SELF = YES;
				CLANG_WARN_OBJC_LITERAL_CONVERSION = YES;
				CLANG_WARN_OBJC_ROOT_CLASS = YES_ERROR;
				CLANG_WARN_RANGE_LOOP_ANALYSIS = YES;
				CLANG_WARN_STRICT_PROTOTYPES = YES;
				CLANG_WARN_SUSPICIOUS_MOVE = YES;
				CLANG_WARN_UNGUARDED_AVAILABILITY = YES_AGGRESSIVE;
				CLANG_WARN_UNREACHABLE_CODE = YES;
				CLANG_WARN__DUPLICATE_METHOD_MATCH = YES;
				COPY_PHASE_STRIP = NO;
				DEBUG_INFORMATION_FORMAT = "dwarf-with-dsym";
				ENABLE_NS_ASSERTIONS = NO;
				ENABLE_STRICT_OBJC_MSGSEND = YES;
				GCC_C_LANGUAGE_STANDARD = gnu11;
				GCC_NO_COMMON_BLOCKS = YES;
				GCC_WARN_64_TO_32_BIT_CONVERSION = YES;
				GCC_WARN_ABOUT_RETURN_TYPE = YES_ERROR;
				GCC_WARN_UNDECLARED_SELECTOR = YES;
				GCC_WARN_UNINITIALIZED_AUTOS = YES_AGGRESSIVE;
				GCC_WARN_UNUSED_FUNCTION = YES;
				GCC_WARN_UNUSED_VARIABLE = YES;
				IPHONEOS_DEPLOYMENT_TARGET = 13.1;
				MTL_ENABLE_DEBUG_INFO = NO;
				MTL_FAST_MATH = YES;
				SDKROOT = iphoneos;
				SWIFT_COMPILATION_MODE = wholemodule;
				SWIFT_OPTIMIZATION_LEVEL = "-O";
				VALIDATE_PRODUCT = YES;
			};
			name = Release;
		};
		C665D0C4238714D100B05694 /* Debug */ = {
			isa = XCBuildConfiguration;
			buildSettings = {
				ASSETCATALOG_COMPILER_APPICON_NAME = AppIcon;
				CODE_SIGN_STYLE = Automatic;
				DEVELOPMENT_TEAM = 93Z932827W;
				INFOPLIST_FILE = iSwift/Info.plist;
				LD_RUNPATH_SEARCH_PATHS = (
					"$(inherited)",
					"@executable_path/Frameworks",
				);
				PRODUCT_BUNDLE_IDENTIFIER = none.iSwift;
				PRODUCT_NAME = "$(TARGET_NAME)";
				SWIFT_VERSION = 5.0;
				TARGETED_DEVICE_FAMILY = "1,2";
			};
			name = Debug;
		};
		C665D0C5238714D100B05694 /* Release */ = {
			isa = XCBuildConfiguration;
			buildSettings = {
				ASSETCATALOG_COMPILER_APPICON_NAME = AppIcon;
				CODE_SIGN_STYLE = Automatic;
				DEVELOPMENT_TEAM = 93Z932827W;
				INFOPLIST_FILE = iSwift/Info.plist;
				LD_RUNPATH_SEARCH_PATHS = (
					"$(inherited)",
					"@executable_path/Frameworks",
				);
				PRODUCT_BUNDLE_IDENTIFIER = none.iSwift;
				PRODUCT_NAME = "$(TARGET_NAME)";
				SWIFT_VERSION = 5.0;
				TARGETED_DEVICE_FAMILY = "1,2";
			};
			name = Release;
		};
		C665D0C7238714D100B05694 /* Debug */ = {
			isa = XCBuildConfiguration;
			buildSettings = {
				ALWAYS_EMBED_SWIFT_STANDARD_LIBRARIES = YES;
				BUNDLE_LOADER = "$(TEST_HOST)";
				CODE_SIGN_STYLE = Automatic;
				DEVELOPMENT_TEAM = 93Z932827W;
				INFOPLIST_FILE = iSwiftTests/Info.plist;
				IPHONEOS_DEPLOYMENT_TARGET = 13.2;
				LD_RUNPATH_SEARCH_PATHS = (
					"$(inherited)",
					"@executable_path/Frameworks",
					"@loader_path/Frameworks",
				);
				PRODUCT_BUNDLE_IDENTIFIER = none.iSwiftTests;
				PRODUCT_NAME = "$(TARGET_NAME)";
				SWIFT_VERSION = 5.0;
				TARGETED_DEVICE_FAMILY = "1,2";
				TEST_HOST = "$(BUILT_PRODUCTS_DIR)/iSwift.app/iSwift";
			};
			name = Debug;
		};
		C665D0C8238714D100B05694 /* Release */ = {
			isa = XCBuildConfiguration;
			buildSettings = {
				ALWAYS_EMBED_SWIFT_STANDARD_LIBRARIES = YES;
				BUNDLE_LOADER = "$(TEST_HOST)";
				CODE_SIGN_STYLE = Automatic;
				DEVELOPMENT_TEAM = 93Z932827W;
				INFOPLIST_FILE = iSwiftTests/Info.plist;
				IPHONEOS_DEPLOYMENT_TARGET = 13.2;
				LD_RUNPATH_SEARCH_PATHS = (
					"$(inherited)",
					"@executable_path/Frameworks",
					"@loader_path/Frameworks",
				);
				PRODUCT_BUNDLE_IDENTIFIER = none.iSwiftTests;
				PRODUCT_NAME = "$(TARGET_NAME)";
				SWIFT_VERSION = 5.0;
				TARGETED_DEVICE_FAMILY = "1,2";
				TEST_HOST = "$(BUILT_PRODUCTS_DIR)/iSwift.app/iSwift";
			};
			name = Release;
		};
		C665D0CA238714D100B05694 /* Debug */ = {
			isa = XCBuildConfiguration;
			buildSettings = {
				ALWAYS_EMBED_SWIFT_STANDARD_LIBRARIES = YES;
				CODE_SIGN_STYLE = Automatic;
				DEVELOPMENT_TEAM = 93Z932827W;
				INFOPLIST_FILE = iSwiftUITests/Info.plist;
				LD_RUNPATH_SEARCH_PATHS = (
					"$(inherited)",
					"@executable_path/Frameworks",
					"@loader_path/Frameworks",
				);
				PRODUCT_BUNDLE_IDENTIFIER = none.iSwiftUITests;
				PRODUCT_NAME = "$(TARGET_NAME)";
				SWIFT_VERSION = 5.0;
				TARGETED_DEVICE_FAMILY = "1,2";
				TEST_TARGET_NAME = iSwift;
			};
			name = Debug;
		};
		C665D0CB238714D100B05694 /* Release */ = {
			isa = XCBuildConfiguration;
			buildSettings = {
				ALWAYS_EMBED_SWIFT_STANDARD_LIBRARIES = YES;
				CODE_SIGN_STYLE = Automatic;
				DEVELOPMENT_TEAM = 93Z932827W;
				INFOPLIST_FILE = iSwiftUITests/Info.plist;
				LD_RUNPATH_SEARCH_PATHS = (
					"$(inherited)",
					"@executable_path/Frameworks",
					"@loader_path/Frameworks",
				);
				PRODUCT_BUNDLE_IDENTIFIER = none.iSwiftUITests;
				PRODUCT_NAME = "$(TARGET_NAME)";
				SWIFT_VERSION = 5.0;
				TARGETED_DEVICE_FAMILY = "1,2";
				TEST_TARGET_NAME = iSwift;
			};
			name = Release;
		};
/* End XCBuildConfiguration section */

/* Begin XCConfigurationList section */
		C665D094238714CF00B05694 /* Build configuration list for PBXProject "iSwift" */ = {
			isa = XCConfigurationList;
			buildConfigurations = (
				C665D0C1238714D100B05694 /* Debug */,
				C665D0C2238714D100B05694 /* Release */,
			);
			defaultConfigurationIsVisible = 0;
			defaultConfigurationName = Release;
		};
		C665D0C3238714D100B05694 /* Build configuration list for PBXNativeTarget "iSwift" */ = {
			isa = XCConfigurationList;
			buildConfigurations = (
				C665D0C4238714D100B05694 /* Debug */,
				C665D0C5238714D100B05694 /* Release */,
			);
			defaultConfigurationIsVisible = 0;
			defaultConfigurationName = Release;
		};
		C665D0C6238714D100B05694 /* Build configuration list for PBXNativeTarget "iSwiftTests" */ = {
			isa = XCConfigurationList;
			buildConfigurations = (
				C665D0C7238714D100B05694 /* Debug */,
				C665D0C8238714D100B05694 /* Release */,
			);
			defaultConfigurationIsVisible = 0;
			defaultConfigurationName = Release;
		};
		C665D0C9238714D100B05694 /* Build configuration list for PBXNativeTarget "iSwiftUITests" */ = {
			isa = XCConfigurationList;
			buildConfigurations = (
				C665D0CA238714D100B05694 /* Debug */,
				C665D0CB238714D100B05694 /* Release */,
			);
			defaultConfigurationIsVisible = 0;
			defaultConfigurationName = Release;
		};
/* End XCConfigurationList section */
	};
	rootObject = C665D091238714CF00B05694 /* Project object */;
}
